Microsoft Visual Studio Solution File, Format Version 12.00
# Visual Studio Version 17
VisualStudioVersion = 17.5.2.0
MinimumVisualStudioVersion = 10.0.40219.1
Project("{2150E333-8FDC-42A3-9474-1A3956D46DE8}") = "src", "src", "{827E0CD3-B72D-47B6-A68D-7590B98EB39B}"
EndProject
Project("{FAE04EC0-301F-11D3-BF4B-00C04F79EFBC}") = "EVChargingStation.Web", "src\frontend\EVChargingStation.Web.csproj", "{90D56A48-5A5F-E950-61CE-3A61E0E11DB5}"
EndProject
Project("{2150E333-8FDC-42A3-9474-1A3956D46DE8}") = "gateway", "gateway", "{6306A8FB-679E-111F-6585-8F70E0EE6013}"
EndProject
Project("{FAE04EC0-301F-11D3-BF4B-00C04F79EFBC}") = "ApiGateway", "src\gateway\ApiGateway\ApiGateway.csproj", "{8518E414-104C-EAEF-A141-98DB483A0C12}"
EndProject
Project("{2150E333-8FDC-42A3-9474-1A3956D46DE8}") = "services", "services", "{984BB9B3-3FA3-BE33-9484-CAC21695A33C}"
EndProject
Project("{FAE04EC0-301F-11D3-BF4B-00C04F79EFBC}") = "BookingService", "src\services\BookingService\BookingService.csproj", "{A147BB2B-A06D-4DAE-19D5-3F5092CFB661}"
EndProject
Project("{FAE04EC0-301F-11D3-BF4B-00C04F79EFBC}") = "NotificationService", "src\services\NotificationService\NotificationService.csproj", "{5A1106C9-373E-FFAD-6460-144317825819}"
EndProject
Project("{FAE04EC0-301F-11D3-BF4B-00C04F79EFBC}") = "PaymentService", "src\services\PaymentService\PaymentService.csproj", "{918B406B-EB45-3F01-DA4E-6423DB2176AA}"
EndProject
Project("{FAE04EC0-301F-11D3-BF4B-00C04F79EFBC}") = "ReportService", "src\services\ReportService\ReportService.csproj", "{507E99CD-6F0D-825E-AB3B-8DDE29340CE2}"
EndProject
Project("{FAE04EC0-301F-11D3-BF4B-00C04F79EFBC}") = "StationService", "src\services\StationService\StationService.csproj", "{D4797074-2477-1462-92A2-BCB5C2085D9B}"
EndProject
Project("{FAE04EC0-301F-11D3-BF4B-00C04F79EFBC}") = "UserService", "src\services\UserService\UserService.csproj", "{6A49581B-16D1-060F-95A0-EC8EB4FFF0CC}"
EndProject
Project("{2150E333-8FDC-42A3-9474-1A3956D46DE8}") = "shared", "shared", "{C8E42992-5E42-0C2B-DBFE-AA848D06431C}"
EndProject
Project("{FAE04EC0-301F-11D3-BF4B-00C04F79EFBC}") = "Shared", "src\shared\Shared\Shared.csproj", "{0074771C-7EF4-9AC9-B92B-7DC200D82A3C}"
EndProject
Global
	GlobalSection(SolutionConfigurationPlatforms) = preSolution
		Debug|Any CPU = Debug|Any CPU
		Release|Any CPU = Release|Any CPU
	EndGlobalSection
	GlobalSection(ProjectConfigurationPlatforms) = postSolution
		{90D56A48-5A5F-E950-61CE-3A61E0E11DB5}.Debug|Any CPU.ActiveCfg = Debug|Any CPU
		{90D56A48-5A5F-E950-61CE-3A61E0E11DB5}.Debug|Any CPU.Build.0 = Debug|Any CPU
		{90D56A48-5A5F-E950-61CE-3A61E0E11DB5}.Release|Any CPU.ActiveCfg = Release|Any CPU
		{90D56A48-5A5F-E950-61CE-3A61E0E11DB5}.Release|Any CPU.Build.0 = Release|Any CPU
		{8518E414-104C-EAEF-A141-98DB483A0C12}.Debug|Any CPU.ActiveCfg = Debug|Any CPU
		{8518E414-104C-EAEF-A141-98DB483A0C12}.Debug|Any CPU.Build.0 = Debug|Any CPU
		{8518E414-104C-EAEF-A141-98DB483A0C12}.Release|Any CPU.ActiveCfg = Release|Any CPU
		{8518E414-104C-EAEF-A141-98DB483A0C12}.Release|Any CPU.Build.0 = Release|Any CPU
		{A147BB2B-A06D-4DAE-19D5-3F5092CFB661}.Debug|Any CPU.ActiveCfg = Debug|Any CPU
		{A147BB2B-A06D-4DAE-19D5-3F5092CFB661}.Debug|Any CPU.Build.0 = Debug|Any CPU
		{A147BB2B-A06D-4DAE-19D5-3F5092CFB661}.Release|Any CPU.ActiveCfg = Release|Any CPU
		{A147BB2B-A06D-4DAE-19D5-3F5092CFB661}.Release|Any CPU.Build.0 = Release|Any CPU
		{5A1106C9-373E-FFAD-6460-144317825819}.Debug|Any CPU.ActiveCfg = Debug|Any CPU
		{5A1106C9-373E-FFAD-6460-144317825819}.Debug|Any CPU.Build.0 = Debug|Any CPU
		{5A1106C9-373E-FFAD-6460-144317825819}.Release|Any CPU.ActiveCfg = Release|Any CPU
		{5A1106C9-373E-FFAD-6460-144317825819}.Release|Any CPU.Build.0 = Release|Any CPU
		{918B406B-EB45-3F01-DA4E-6423DB2176AA}.Debug|Any CPU.ActiveCfg = Debug|Any CPU
		{918B406B-EB45-3F01-DA4E-6423DB2176AA}.Debug|Any CPU.Build.0 = Debug|Any CPU
		{918B406B-EB45-3F01-DA4E-6423DB2176AA}.Release|Any CPU.ActiveCfg = Release|Any CPU
		{918B406B-EB45-3F01-DA4E-6423DB2176AA}.Release|Any CPU.Build.0 = Release|Any CPU
		{507E99CD-6F0D-825E-AB3B-8DDE29340CE2}.Debug|Any CPU.ActiveCfg = Debug|Any CPU
		{507E99CD-6F0D-825E-AB3B-8DDE29340CE2}.Debug|Any CPU.Build.0 = Debug|Any CPU
		{507E99CD-6F0D-825E-AB3B-8DDE29340CE2}.Release|Any CPU.ActiveCfg = Release|Any CPU
		{507E99CD-6F0D-825E-AB3B-8DDE29340CE2}.Release|Any CPU.Build.0 = Release|Any CPU
		{D4797074-2477-1462-92A2-BCB5C2085D9B}.Debug|Any CPU.ActiveCfg = Debug|Any CPU
		{D4797074-2477-1462-92A2-BCB5C2085D9B}.Debug|Any CPU.Build.0 = Debug|Any CPU
		{D4797074-2477-1462-92A2-BCB5C2085D9B}.Release|Any CPU.ActiveCfg = Release|Any CPU
		{D4797074-2477-1462-92A2-BCB5C2085D9B}.Release|Any CPU.Build.0 = Release|Any CPU
		{6A49581B-16D1-060F-95A0-EC8EB4FFF0CC}.Debug|Any CPU.ActiveCfg = Debug|Any CPU
		{6A49581B-16D1-060F-95A0-EC8EB4FFF0CC}.Debug|Any CPU.Build.0 = Debug|Any CPU
		{6A49581B-16D1-060F-95A0-EC8EB4FFF0CC}.Release|Any CPU.ActiveCfg = Release|Any CPU
		{6A49581B-16D1-060F-95A0-EC8EB4FFF0CC}.Release|Any CPU.Build.0 = Release|Any CPU
		{0074771C-7EF4-9AC9-B92B-7DC200D82A3C}.Debug|Any CPU.ActiveCfg = Debug|Any CPU
		{0074771C-7EF4-9AC9-B92B-7DC200D82A3C}.Debug|Any CPU.Build.0 = Debug|Any CPU
		{0074771C-7EF4-9AC9-B92B-7DC200D82A3C}.Release|Any CPU.ActiveCfg = Release|Any CPU
		{0074771C-7EF4-9AC9-B92B-7DC200D82A3C}.Release|Any CPU.Build.0 = Release|Any CPU
	EndGlobalSection
	GlobalSection(SolutionProperties) = preSolution
		HideSolutionNode = FALSE
	EndGlobalSection
	GlobalSection(NestedProjects) = preSolution
		{90D56A48-5A5F-E950-61CE-3A61E0E11DB5} = {827E0CD3-B72D-47B6-A68D-7590B98EB39B}
		{6306A8FB-679E-111F-6585-8F70E0EE6013} = {827E0CD3-B72D-47B6-A68D-7590B98EB39B}
		{8518E414-104C-EAEF-A141-98DB483A0C12} = {6306A8FB-679E-111F-6585-8F70E0EE6013}
		{984BB9B3-3FA3-BE33-9484-CAC21695A33C} = {827E0CD3-B72D-47B6-A68D-7590B98EB39B}
		{A147BB2B-A06D-4DAE-19D5-3F5092CFB661} = {984BB9B3-3FA3-BE33-9484-CAC21695A33C}
		{5A1106C9-373E-FFAD-6460-144317825819} = {984BB9B3-3FA3-BE33-9484-CAC21695A33C}
		{918B406B-EB45-3F01-DA4E-6423DB2176AA} = {984BB9B3-3FA3-BE33-9484-CAC21695A33C}
		{507E99CD-6F0D-825E-AB3B-8DDE29340CE2} = {984BB9B3-3FA3-BE33-9484-CAC21695A33C}
		{D4797074-2477-1462-92A2-BCB5C2085D9B} = {984BB9B3-3FA3-BE33-9484-CAC21695A33C}
		{6A49581B-16D1-060F-95A0-EC8EB4FFF0CC} = {984BB9B3-3FA3-BE33-9484-CAC21695A33C}
		{C8E42992-5E42-0C2B-DBFE-AA848D06431C} = {827E0CD3-B72D-47B6-A68D-7590B98EB39B}
		{0074771C-7EF4-9AC9-B92B-7DC200D82A3C} = {C8E42992-5E42-0C2B-DBFE-AA848D06431C}
	EndGlobalSection
	GlobalSection(ExtensibilityGlobals) = postSolution
		SolutionGuid = {5DCC3FDC-9215-4A9F-9FFB-F0FF23F2D606}
	EndGlobalSection
EndGlobal
