Microsoft Visual Studio Solution File, Format Version 12.00
# Visual Studio Version 17
VisualStudioVersion = 17.5.2.0
MinimumVisualStudioVersion = 10.0.40219.1
Project("{FAE04EC0-301F-11D3-BF4B-00C04F79EFBC}") = "EVCharging.BookingService", "EVCharging.BookingService\EVCharging.BookingService.csproj", "{C3632386-0E33-CF16-01F3-61249797E4E0}"
EndProject
Global
	GlobalSection(SolutionConfigurationPlatforms) = preSolution
		Debug|Any CPU = Debug|Any CPU
		Release|Any CPU = Release|Any CPU
	EndGlobalSection
	GlobalSection(ProjectConfigurationPlatforms) = postSolution
		{C3632386-0E33-CF16-01F3-61249797E4E0}.Debug|Any CPU.ActiveCfg = Debug|Any CPU
		{C3632386-0E33-CF16-01F3-61249797E4E0}.Debug|Any CPU.Build.0 = Debug|Any CPU
		{C3632386-0E33-CF16-01F3-61249797E4E0}.Release|Any CPU.ActiveCfg = Release|Any CPU
		{C3632386-0E33-CF16-01F3-61249797E4E0}.Release|Any CPU.Build.0 = Release|Any CPU
	EndGlobalSection
	GlobalSection(SolutionProperties) = preSolution
		HideSolutionNode = FALSE
	EndGlobalSection
	GlobalSection(ExtensibilityGlobals) = postSolution
		SolutionGuid = {B4F8BEA2-ED39-43AA-B831-67BCA4FE363B}
	EndGlobalSection
EndGlobal
